
Microsoft Visual Studio Solution File, Format Version 12.00
# Visual Studio Version 17
VisualStudioVersion = 17.1.32421.90
MinimumVisualStudioVersion = 10.0.40219.1
Project("{FAE04EC0-301F-11D3-BF4B-00C04F79EFBC}") = "MoviesApi", "MoviesApi.csproj", "{142AE6E3-1F1F-4F8E-AF53-811506C44C6B}"
EndProject
Global
	GlobalSection(SolutionConfigurationPlatforms) = preSolution
		Debug|Any CPU = Debug|Any CPU
		Release|Any CPU = Release|Any CPU
	EndGlobalSection
	GlobalSection(ProjectConfigurationPlatforms) = postSolution
		{142AE6E3-1F1F-4F8E-AF53-811506C44C6B}.Debug|Any CPU.ActiveCfg = Debug|Any CPU
		{142AE6E3-1F1F-4F8E-AF53-811506C44C6B}.Debug|Any CPU.Build.0 = Debug|Any CPU
		{142AE6E3-1F1F-4F8E-AF53-811506C44C6B}.Release|Any CPU.ActiveCfg = Release|Any CPU
		{142AE6E3-1F1F-4F8E-AF53-811506C44C6B}.Release|Any CPU.Build.0 = Release|Any CPU
	EndGlobalSection
	GlobalSection(SolutionProperties) = preSolution
		HideSolutionNode = FALSE
	EndGlobalSection
	GlobalSection(ExtensibilityGlobals) = postSolution
		SolutionGuid = {4F0D3828-6C8A-436C-9BBE-7A1D0202D0C5}
	EndGlobalSection
EndGlobal
